// !$*UTF8*$!
{
	archiveVersion = 1;
	classes = {
	};
	objectVersion = 56;
	objects = {

/* Begin PBXBuildFile section */
		5B335A912BF0D5A700A71B67 /* CoinFlip Watch App.app in Embed Watch Content */ = {isa = PBXBuildFile; fileRef = 5B335A902BF0D5A700A71B67 /* CoinFlip Watch App.app */; settings = {ATTRIBUTES = (RemoveHeadersOnCopy, ); }; };
		5B335A962BF0D5A700A71B67 /* CoinFlipApp.swift in Sources */ = {isa = PBXBuildFile; fileRef = 5B335A952BF0D5A700A71B67 /* CoinFlipApp.swift */; };
		5B335A982BF0D5A700A71B67 /* ContentView.swift in Sources */ = {isa = PBXBuildFile; fileRef = 5B335A972BF0D5A700A71B67 /* ContentView.swift */; };
		5B335A9A2BF0D5A800A71B67 /* Assets.xcassets in Resources */ = {isa = PBXBuildFile; fileRef = 5B335A992BF0D5A800A71B67 /* Assets.xcassets */; };
		5B335A9D2BF0D5A800A71B67 /* Preview Assets.xcassets in Resources */ = {isa = PBXBuildFile; fileRef = 5B335A9C2BF0D5A800A71B67 /* Preview Assets.xcassets */; };
		5B335AA82BF0D95D00A71B67 /* Flipped.swift in Sources */ = {isa = PBXBuildFile; fileRef = 5B335AA72BF0D95D00A71B67 /* Flipped.swift */; };
/* End PBXBuildFile section */

/* Begin PBXContainerItemProxy section */
		5B335A922BF0D5A700A71B67 /* PBXContainerItemProxy */ = {
			isa = PBXContainerItemProxy;
			containerPortal = 5B335A842BF0D5A600A71B67 /* Project object */;
			proxyType = 1;
			remoteGlobalIDString = 5B335A8F2BF0D5A700A71B67;
			remoteInfo = "CoinFlip Watch App";
		};
/* End PBXContainerItemProxy section */

/* Begin PBXCopyFilesBuildPhase section */
		5B335AA32BF0D5A800A71B67 /* Embed Watch Content */ = {
			isa = PBXCopyFilesBuildPhase;
			buildActionMask = 2147483647;
			dstPath = "$(CONTENTS_FOLDER_PATH)/Watch";
			dstSubfolderSpec = 16;
			files = (
				5B335A912BF0D5A700A71B67 /* CoinFlip Watch App.app in Embed Watch Content */,
			);
			name = "Embed Watch Content";
			runOnlyForDeploymentPostprocessing = 0;
		};
/* End PBXCopyFilesBuildPhase section */

/* Begin PBXFileReference section */
		5B335A8A2BF0D5A700A71B67 /* CoinFlip.app */ = {isa = PBXFileReference; explicitFileType = wrapper.application; includeInIndex = 0; path = CoinFlip.app; sourceTree = BUILT_PRODUCTS_DIR; };
		5B335A902BF0D5A700A71B67 /* CoinFlip Watch App.app */ = {isa = PBXFileReference; explicitFileType = wrapper.application; includeInIndex = 0; path = "CoinFlip Watch App.app"; sourceTree = BUILT_PRODUCTS_DIR; };
		5B335A952BF0D5A700A71B67 /* CoinFlipApp.swift */ = {isa = PBXFileReference; lastKnownFileType = sourcecode.swift; path = CoinFlipApp.swift; sourceTree = "<group>"; };
		5B335A972BF0D5A700A71B67 /* ContentView.swift */ = {isa = PBXFileReference; lastKnownFileType = sourcecode.swift; path = ContentView.swift; sourceTree = "<group>"; };
		5B335A992BF0D5A800A71B67 /* Assets.xcassets */ = {isa = PBXFileReference; lastKnownFileType = folder.assetcatalog; path = Assets.xcassets; sourceTree = "<group>"; };
		5B335A9C2BF0D5A800A71B67 /* Preview Assets.xcassets */ = {isa = PBXFileReference; lastKnownFileType = folder.assetcatalog; path = "Preview Assets.xcassets"; sourceTree = "<group>"; };
		5B335AA72BF0D95D00A71B67 /* Flipped.swift */ = {isa = PBXFileReference; lastKnownFileType = sourcecode.swift; path = Flipped.swift; sourceTree = "<group>"; };
/* End PBXFileReference section */

/* Begin PBXFrameworksBuildPhase section */
		5B335A8D2BF0D5A700A71B67 /* Frameworks */ = {
			isa = PBXFrameworksBuildPhase;
			buildActionMask = 2147483647;
			files = (
			);
			runOnlyForDeploymentPostprocessing = 0;
		};
/* End PBXFrameworksBuildPhase section */

/* Begin PBXGroup section */
		5B335A832BF0D5A600A71B67 = {
			isa = PBXGroup;
			children = (
				5B335A942BF0D5A700A71B67 /* CoinFlip Watch App */,
				5B335A8B2BF0D5A700A71B67 /* Products */,
			);
			sourceTree = "<group>";
		};
		5B335A8B2BF0D5A700A71B67 /* Products */ = {
			isa = PBXGroup;
			children = (
				5B335A8A2BF0D5A700A71B67 /* CoinFlip.app */,
				5B335A902BF0D5A700A71B67 /* CoinFlip Watch App.app */,
			);
			name = Products;
			sourceTree = "<group>";
		};
		5B335A942BF0D5A700A71B67 /* CoinFlip Watch App */ = {
			isa = PBXGroup;
			children = (
				5B335A952BF0D5A700A71B67 /* CoinFlipApp.swift */,
				5B335A972BF0D5A700A71B67 /* ContentView.swift */,
				5B335AA72BF0D95D00A71B67 /* Flipped.swift */,
				5B335A992BF0D5A800A71B67 /* Assets.xcassets */,
				5B335A9B2BF0D5A800A71B67 /* Preview Content */,
			);
			path = "CoinFlip Watch App";
			sourceTree = "<group>";
		};
		5B335A9B2BF0D5A800A71B67 /* Preview Content */ = {
			isa = PBXGroup;
			children = (
				5B335A9C2BF0D5A800A71B67 /* Preview Assets.xcassets */,
			);
			path = "Preview Content";
			sourceTree = "<group>";
		};
/* End PBXGroup section */

/* Begin PBXNativeTarget section */
		5B335A892BF0D5A700A71B67 /* CoinFlip */ = {
			isa = PBXNativeTarget;
			buildConfigurationList = 5B335AA42BF0D5A800A71B67 /* Build configuration list for PBXNativeTarget "CoinFlip" */;
			buildPhases = (
				5B335A882BF0D5A700A71B67 /* Resources */,
				5B335AA32BF0D5A800A71B67 /* Embed Watch Content */,
			);
			buildRules = (
			);
			dependencies = (
				5B335A932BF0D5A700A71B67 /* PBXTargetDependency */,
			);
			name = CoinFlip;
			productName = CoinFlip;
			productReference = 5B335A8A2BF0D5A700A71B67 /* CoinFlip.app */;
			productType = "com.apple.product-type.application.watchapp2-container";
		};
		5B335A8F2BF0D5A700A71B67 /* CoinFlip Watch App */ = {
			isa = PBXNativeTarget;
			buildConfigurationList = 5B335AA02BF0D5A800A71B67 /* Build configuration list for PBXNativeTarget "CoinFlip Watch App" */;
			buildPhases = (
				5B335A8C2BF0D5A700A71B67 /* Sources */,
				5B335A8D2BF0D5A700A71B67 /* Frameworks */,
				5B335A8E2BF0D5A700A71B67 /* Resources */,
			);
			buildRules = (
			);
			dependencies = (
			);
			name = "CoinFlip Watch App";
			productName = "CoinFlip Watch App";
			productReference = 5B335A902BF0D5A700A71B67 /* CoinFlip Watch App.app */;
			productType = "com.apple.product-type.application";
		};
/* End PBXNativeTarget section */

/* Begin PBXProject section */
		5B335A842BF0D5A600A71B67 /* Project object */ = {
			isa = PBXProject;
			attributes = {
				BuildIndependentTargetsInParallel = 1;
				LastSwiftUpdateCheck = 1530;
				LastUpgradeCheck = 1530;
				TargetAttributes = {
					5B335A892BF0D5A700A71B67 = {
						CreatedOnToolsVersion = 15.3;
					};
					5B335A8F2BF0D5A700A71B67 = {
						CreatedOnToolsVersion = 15.3;
					};
				};
			};
			buildConfigurationList = 5B335A872BF0D5A600A71B67 /* Build configuration list for PBXProject "CoinFlip" */;
			compatibilityVersion = "Xcode 14.0";
			developmentRegion = en;
			hasScannedForEncodings = 0;
			knownRegions = (
				en,
				Base,
			);
			mainGroup = 5B335A832BF0D5A600A71B67;
			productRefGroup = 5B335A8B2BF0D5A700A71B67 /* Products */;
			projectDirPath = "";
			projectRoot = "";
			targets = (
				5B335A892BF0D5A700A71B67 /* CoinFlip */,
				5B335A8F2BF0D5A700A71B67 /* CoinFlip Watch App */,
			);
		};
/* End PBXProject section */

/* Begin PBXResourcesBuildPhase section */
		5B335A882BF0D5A700A71B67 /* Resources */ = {
			isa = PBXResourcesBuildPhase;
			buildActionMask = 2147483647;
			files = (
			);
			runOnlyForDeploymentPostprocessing = 0;
		};
		5B335A8E2BF0D5A700A71B67 /* Resources */ = {
			isa = PBXResourcesBuildPhase;
			buildActionMask = 2147483647;
			files = (
				5B335A9D2BF0D5A800A71B67 /* Preview Assets.xcassets in Resources */,
				5B335A9A2BF0D5A800A71B67 /* Assets.xcassets in Resources */,
			);
			runOnlyForDeploymentPostprocessing = 0;
		};
/* End PBXResourcesBuildPhase section */

/* Begin PBXSourcesBuildPhase section */
		5B335A8C2BF0D5A700A71B67 /* Sources */ = {
			isa = PBXSourcesBuildPhase;
			buildActionMask = 2147483647;
			files = (
				5B335A982BF0D5A700A71B67 /* ContentView.swift in Sources */,
				5B335AA82BF0D95D00A71B67 /* Flipped.swift in Sources */,
				5B335A962BF0D5A700A71B67 /* CoinFlipApp.swift in Sources */,
			);
			runOnlyForDeploymentPostprocessing = 0;
		};
/* End PBXSourcesBuildPhase section */

/* Begin PBXTargetDependency section */
		5B335A932BF0D5A700A71B67 /* PBXTargetDependency */ = {
			isa = PBXTargetDependency;
			target = 5B335A8F2BF0D5A700A71B67 /* CoinFlip Watch App */;
			targetProxy = 5B335A922BF0D5A700A71B67 /* PBXContainerItemProxy */;
		};
/* End PBXTargetDependency section */

/* Begin XCBuildConfiguration section */
		5B335A9E2BF0D5A800A71B67 /* Debug */ = {
			isa = XCBuildConfiguration;
			buildSettings = {
				ALWAYS_SEARCH_USER_PATHS = NO;
				ASSETCATALOG_COMPILER_GENERATE_SWIFT_ASSET_SYMBOL_EXTENSIONS = YES;
				CLANG_ANALYZER_NONNULL = YES;
				CLANG_ANALYZER_NUMBER_OBJECT_CONVERSION = YES_AGGRESSIVE;
				CLANG_CXX_LANGUAGE_STANDARD = "gnu++20";
				CLANG_ENABLE_MODULES = YES;
				CLANG_ENABLE_OBJC_ARC = YES;
				CLANG_ENABLE_OBJC_WEAK = YES;
				CLANG_WARN_BLOCK_CAPTURE_AUTORELEASING = YES;
				CLANG_WARN_BOOL_CONVERSION = YES;
				CLANG_WARN_COMMA = YES;
				CLANG_WARN_CONSTANT_CONVERSION = YES;
				CLANG_WARN_DEPRECATED_OBJC_IMPLEMENTATIONS = YES;
				CLANG_WARN_DIRECT_OBJC_ISA_USAGE = YES_ERROR;
				CLANG_WARN_DOCUMENTATION_COMMENTS = YES;
				CLANG_WARN_EMPTY_BODY = YES;
				CLANG_WARN_ENUM_CONVERSION = YES;
				CLANG_WARN_INFINITE_RECURSION = YES;
				CLANG_WARN_INT_CONVERSION = YES;
				CLANG_WARN_NON_LITERAL_NULL_CONVERSION = YES;
				CLANG_WARN_OBJC_IMPLICIT_RETAIN_SELF = YES;
				CLANG_WARN_OBJC_LITERAL_CONVERSION = YES;
				CLANG_WARN_OBJC_ROOT_CLASS = YES_ERROR;
				CLANG_WARN_QUOTED_INCLUDE_IN_FRAMEWORK_HEADER = YES;
				CLANG_WARN_RANGE_LOOP_ANALYSIS = YES;
				CLANG_WARN_STRICT_PROTOTYPES = YES;
				CLANG_WARN_SUSPICIOUS_MOVE = YES;
				CLANG_WARN_UNGUARDED_AVAILABILITY = YES_AGGRESSIVE;
				CLANG_WARN_UNREACHABLE_CODE = YES;
				CLANG_WARN__DUPLICATE_METHOD_MATCH = YES;
				COPY_PHASE_STRIP = NO;
				DEBUG_INFORMATION_FORMAT = dwarf;
				ENABLE_STRICT_OBJC_MSGSEND = YES;
				ENABLE_TESTABILITY = YES;
				ENABLE_USER_SCRIPT_SANDBOXING = YES;
				GCC_C_LANGUAGE_STANDARD = gnu17;
				GCC_DYNAMIC_NO_PIC = NO;
				GCC_NO_COMMON_BLOCKS = YES;
				GCC_OPTIMIZATION_LEVEL = 0;
				GCC_PREPROCESSOR_DEFINITIONS = (
					"DEBUG=1",
					"$(inherited)",
				);
				GCC_WARN_64_TO_32_BIT_CONVERSION = YES;
				GCC_WARN_ABOUT_RETURN_TYPE = YES_ERROR;
				GCC_WARN_UNDECLARED_SELECTOR = YES;
				GCC_WARN_UNINITIALIZED_AUTOS = YES_AGGRESSIVE;
				GCC_WARN_UNUSED_FUNCTION = YES;
				GCC_WARN_UNUSED_VARIABLE = YES;
				LOCALIZATION_PREFERS_STRING_CATALOGS = YES;
				MTL_ENABLE_DEBUG_INFO = INCLUDE_SOURCE;
				MTL_FAST_MATH = YES;
				ONLY_ACTIVE_ARCH = YES;
				SWIFT_ACTIVE_COMPILATION_CONDITIONS = "DEBUG $(inherited)";
				SWIFT_OPTIMIZATION_LEVEL = "-Onone";
			};
			name = Debug;
		};
		5B335A9F2BF0D5A800A71B67 /* Release */ = {
			isa = XCBuildConfiguration;
			buildSettings = {
				ALWAYS_SEARCH_USER_PATHS = NO;
				ASSETCATALOG_COMPILER_GENERATE_SWIFT_ASSET_SYMBOL_EXTENSIONS = YES;
				CLANG_ANALYZER_NONNULL = YES;
				CLANG_ANALYZER_NUMBER_OBJECT_CONVERSION = YES_AGGRESSIVE;
				CLANG_CXX_LANGUAGE_STANDARD = "gnu++20";
				CLANG_ENABLE_MODULES = YES;
				CLANG_ENABLE_OBJC_ARC = YES;
				CLANG_ENABLE_OBJC_WEAK = YES;
				CLANG_WARN_BLOCK_CAPTURE_AUTORELEASING = YES;
				CLANG_WARN_BOOL_CONVERSION = YES;
				CLANG_WARN_COMMA = YES;
				CLANG_WARN_CONSTANT_CONVERSION = YES;
				CLANG_WARN_DEPRECATED_OBJC_IMPLEMENTATIONS = YES;
				CLANG_WARN_DIRECT_OBJC_ISA_USAGE = YES_ERROR;
				CLANG_WARN_DOCUMENTATION_COMMENTS = YES;
				CLANG_WARN_EMPTY_BODY = YES;
				CLANG_WARN_ENUM_CONVERSION = YES;
				CLANG_WARN_INFINITE_RECURSION = YES;
				CLANG_WARN_INT_CONVERSION = YES;
				CLANG_WARN_NON_LITERAL_NULL_CONVERSION = YES;
				CLANG_WARN_OBJC_IMPLICIT_RETAIN_SELF = YES;
				CLANG_WARN_OBJC_LITERAL_CONVERSION = YES;
				CLANG_WARN_OBJC_ROOT_CLASS = YES_ERROR;
				CLANG_WARN_QUOTED_INCLUDE_IN_FRAMEWORK_HEADER = YES;
				CLANG_WARN_RANGE_LOOP_ANALYSIS = YES;
				CLANG_WARN_STRICT_PROTOTYPES = YES;
				CLANG_WARN_SUSPICIOUS_MOVE = YES;
				CLANG_WARN_UNGUARDED_AVAILABILITY = YES_AGGRESSIVE;
				CLANG_WARN_UNREACHABLE_CODE = YES;
				CLANG_WARN__DUPLICATE_METHOD_MATCH = YES;
				COPY_PHASE_STRIP = NO;
				DEBUG_INFORMATION_FORMAT = "dwarf-with-dsym";
				ENABLE_NS_ASSERTIONS = NO;
				ENABLE_STRICT_OBJC_MSGSEND = YES;
				ENABLE_USER_SCRIPT_SANDBOXING = YES;
				GCC_C_LANGUAGE_STANDARD = gnu17;
				GCC_NO_COMMON_BLOCKS = YES;
				GCC_WARN_64_TO_32_BIT_CONVERSION = YES;
				GCC_WARN_ABOUT_RETURN_TYPE = YES_ERROR;
				GCC_WARN_UNDECLARED_SELECTOR = YES;
				GCC_WARN_UNINITIALIZED_AUTOS = YES_AGGRESSIVE;
				GCC_WARN_UNUSED_FUNCTION = YES;
				GCC_WARN_UNUSED_VARIABLE = YES;
				LOCALIZATION_PREFERS_STRING_CATALOGS = YES;
				MTL_ENABLE_DEBUG_INFO = NO;
				MTL_FAST_MATH = YES;
				SWIFT_COMPILATION_MODE = wholemodule;
			};
			name = Release;
		};
		5B335AA12BF0D5A800A71B67 /* Debug */ = {
			isa = XCBuildConfiguration;
			buildSettings = {
				ASSETCATALOG_COMPILER_APPICON_NAME = AppIcon;
				ASSETCATALOG_COMPILER_GLOBAL_ACCENT_COLOR_NAME = AccentColor;
				CODE_SIGN_STYLE = Automatic;
				CURRENT_PROJECT_VERSION = 1;
				DEVELOPMENT_ASSET_PATHS = "\"CoinFlip Watch App/Preview Content\"";
				ENABLE_PREVIEWS = YES;
				GENERATE_INFOPLIST_FILE = YES;
				INFOPLIST_KEY_CFBundleDisplayName = CoinFlip;
				INFOPLIST_KEY_UISupportedInterfaceOrientations = "UIInterfaceOrientationPortrait UIInterfaceOrientationPortraitUpsideDown";
				INFOPLIST_KEY_WKWatchOnly = YES;
				LD_RUNPATH_SEARCH_PATHS = (
					"$(inherited)",
					"@executable_path/Frameworks",
				);
				MARKETING_VERSION = 1.0;
				PRODUCT_BUNDLE_IDENTIFIER = co.ziemowitKor.CoinFlip.watchkitapp;
				PRODUCT_NAME = "$(TARGET_NAME)";
				SDKROOT = watchos;
				SKIP_INSTALL = YES;
				SWIFT_EMIT_LOC_STRINGS = YES;
				SWIFT_VERSION = 5.0;
				TARGETED_DEVICE_FAMILY = 4;
				WATCHOS_DEPLOYMENT_TARGET = 10.4;
			};
			name = Debug;
		};
		5B335AA22BF0D5A800A71B67 /* Release */ = {
			isa = XCBuildConfiguration;
			buildSettings = {
				ASSETCATALOG_COMPILER_APPICON_NAME = AppIcon;
				ASSETCATALOG_COMPILER_GLOBAL_ACCENT_COLOR_NAME = AccentColor;
				CODE_SIGN_STYLE = Automatic;
				CURRENT_PROJECT_VERSION = 1;
				DEVELOPMENT_ASSET_PATHS = "\"CoinFlip Watch App/Preview Content\"";
				ENABLE_PREVIEWS = YES;
				GENERATE_INFOPLIST_FILE = YES;
				INFOPLIST_KEY_CFBundleDisplayName = CoinFlip;
				INFOPLIST_KEY_UISupportedInterfaceOrientations = "UIInterfaceOrientationPortrait UIInterfaceOrientationPortraitUpsideDown";
				INFOPLIST_KEY_WKWatchOnly = YES;
				LD_RUNPATH_SEARCH_PATHS = (
					"$(inherited)",
					"@executable_path/Frameworks",
				);
				MARKETING_VERSION = 1.0;
				PRODUCT_BUNDLE_IDENTIFIER = co.ziemowitKor.CoinFlip.watchkitapp;
				PRODUCT_NAME = "$(TARGET_NAME)";
				SDKROOT = watchos;
				SKIP_INSTALL = YES;
				SWIFT_EMIT_LOC_STRINGS = YES;
				SWIFT_VERSION = 5.0;
				TARGETED_DEVICE_FAMILY = 4;
				VALIDATE_PRODUCT = YES;
				WATCHOS_DEPLOYMENT_TARGET = 10.4;
			};
			name = Release;
		};
		5B335AA52BF0D5A800A71B67 /* Debug */ = {
			isa = XCBuildConfiguration;
			buildSettings = {
				ALWAYS_EMBED_SWIFT_STANDARD_LIBRARIES = YES;
				CODE_SIGN_STYLE = Automatic;
				CURRENT_PROJECT_VERSION = 1;
				INFOPLIST_KEY_CFBundleDisplayName = CoinFlip;
				MARKETING_VERSION = 1.0;
				PRODUCT_BUNDLE_IDENTIFIER = co.ziemowitKor.CoinFlip;
				PRODUCT_NAME = "$(TARGET_NAME)";
				SDKROOT = iphoneos;
				SUPPORTED_PLATFORMS = "iphoneos iphonesimulator watchos watchsimulator";
				SUPPORTS_MACCATALYST = NO;
				SWIFT_VERSION = 5.0;
				TARGETED_DEVICE_FAMILY = "1,4";
			};
			name = Debug;
		};
		5B335AA62BF0D5A800A71B67 /* Release */ = {
			isa = XCBuildConfiguration;
			buildSettings = {
				ALWAYS_EMBED_SWIFT_STANDARD_LIBRARIES = YES;
				CODE_SIGN_STYLE = Automatic;
				CURRENT_PROJECT_VERSION = 1;
				INFOPLIST_KEY_CFBundleDisplayName = CoinFlip;
				MARKETING_VERSION = 1.0;
				PRODUCT_BUNDLE_IDENTIFIER = co.ziemowitKor.CoinFlip;
				PRODUCT_NAME = "$(TARGET_NAME)";
				SDKROOT = iphoneos;
				SUPPORTED_PLATFORMS = "iphoneos iphonesimulator watchos watchsimulator";
				SUPPORTS_MACCATALYST = NO;
				SWIFT_VERSION = 5.0;
				TARGETED_DEVICE_FAMILY = "1,4";
				VALIDATE_PRODUCT = YES;
			};
			name = Release;
		};
/* End XCBuildConfiguration section */

/* Begin XCConfigurationList section */
		5B335A872BF0D5A600A71B67 /* Build configuration list for PBXProject "CoinFlip" */ = {
			isa = XCConfigurationList;
			buildConfigurations = (
				5B335A9E2BF0D5A800A71B67 /* Debug */,
				5B335A9F2BF0D5A800A71B67 /* Release */,
			);
			defaultConfigurationIsVisible = 0;
			defaultConfigurationName = Release;
		};
		5B335AA02BF0D5A800A71B67 /* Build configuration list for PBXNativeTarget "CoinFlip Watch App" */ = {
			isa = XCConfigurationList;
			buildConfigurations = (
				5B335AA12BF0D5A800A71B67 /* Debug */,
				5B335AA22BF0D5A800A71B67 /* Release */,
			);
			defaultConfigurationIsVisible = 0;
			defaultConfigurationName = Release;
		};
		5B335AA42BF0D5A800A71B67 /* Build configuration list for PBXNativeTarget "CoinFlip" */ = {
			isa = XCConfigurationList;
			buildConfigurations = (
				5B335AA52BF0D5A800A71B67 /* Debug */,
				5B335AA62BF0D5A800A71B67 /* Release */,
			);
			defaultConfigurationIsVisible = 0;
			defaultConfigurationName = Release;
		};
/* End XCConfigurationList section */
	};
	rootObject = 5B335A842BF0D5A600A71B67 /* Project object */;
}
